<?xml version="1.0" encoding="utf-8"?>
<Project ToolsVersion="4.0" xmlns="http://schemas.microsoft.com/developer/msbuild/2003">
  <ItemGroup>
    <Filter Include="Source Files">
      <UniqueIdentifier>{4FC737F1-C7A5-4376-A066-2A32D752A2FF}</UniqueIdentifier>
      <Extensions>cpp;c;cc;cxx;def;odl;idl;hpj;bat;asm;asmx</Extensions>
    </Filter>
    <Filter Include="Header Files">
      <UniqueIdentifier>{93995380-89BD-4b04-88EB-625FBE52EBFB}</UniqueIdentifier>
      <Extensions>h;hpp;hxx;hm;inl;inc;xsd</Extensions>
    </Filter>
    <Filter Include="Resource Files">
      <UniqueIdentifier>{67DA6AB6-F800-4c08-8B7A-83BB121AAD01}</UniqueIdentifier>
      <Extensions>rc;ico;cur;bmp;dlg;rc2;rct;bin;rgs;gif;jpg;jpeg;jpe;resx;tiff;tif;png;wav;mfcribbon-ms</Extensions>
    </Filter>
    <Filter Include="Source Files\states">
      <UniqueIdentifier>{8e388f23-6f65-4647-ba5a-efd9141187bc}</UniqueIdentifier>
    </Filter>
    <Filter Include="Header Files\states">
      <UniqueIdentifier>{c1eba5ed-c016-45ee-8470-a400f3dca286}</UniqueIdentifier>
    </Filter>
    <Filter Include="Header Files\references">
      <UniqueIdentifier>{99b518b7-7e2a-4c66-a9fa-2aba55632da5}</UniqueIdentifier>
    </Filter>
    <Filter Include="Header Files\assets">
      <UniqueIdentifier>{2c1d413e-b197-4a13-a23e-69803987c333}</UniqueIdentifier>
    </Filter>
    <Filter Include="Source Files\assets">
      <UniqueIdentifier>{a057999f-045b-4bd2-87f6-2d6bbd18417a}</UniqueIdentifier>
    </Filter>
    <Filter Include="Header Files\tools">
      <UniqueIdentifier>{962bcae4-e994-43aa-ba76-d4c6d6062d50}</UniqueIdentifier>
    </Filter>
    <Filter Include="Source Files\tools">
      <UniqueIdentifier>{501a9297-1614-4093-ab0c-18faafd3e235}</UniqueIdentifier>
    </Filter>
  </ItemGroup>
  <ItemGroup>
    <None Include="ReadMe.txt" />
    <None Include="msmincho.ttc">
      <Filter>Resource Files</Filter>
    </None>
  </ItemGroup>
  <ItemGroup>
    <ClInclude Include="stdafx.h">
      <Filter>Header Files</Filter>
    </ClInclude>
    <ClInclude Include="targetver.h">
      <Filter>Header Files</Filter>
    </ClInclude>
    <ClInclude Include="character_tile.h">
      <Filter>Header Files</Filter>
    </ClInclude>
    <ClInclude Include="game.h">
      <Filter>Header Files</Filter>
    </ClInclude>
    <ClInclude Include="game_object.h">
      <Filter>Header Files</Filter>
    </ClInclude>
    <ClInclude Include="util.h">
      <Filter>Header Files</Filter>
    </ClInclude>
    <ClInclude Include="sfm.h">
      <Filter>Header Files</Filter>
    </ClInclude>
    <ClInclude Include="machine.h">
      <Filter>Header Files</Filter>
    </ClInclude>
    <ClInclude Include="machine_state.h">
      <Filter>Header Files</Filter>
    </ClInclude>
    <ClInclude Include="texture_refs.h">
      <Filter>Header Files\references</Filter>
    </ClInclude>
    <ClInclude Include="gameasset_manager.h">
      <Filter>Header Files\assets</Filter>
    </ClInclude>
    <ClInclude Include="gameasset.h">
      <Filter>Header Files\assets</Filter>
    </ClInclude>
    <ClInclude Include="tools_images.h">
      <Filter>Header Files\tools</Filter>
    </ClInclude>
    <ClInclude Include="save_writing.h">
      <Filter>Header Files\states</Filter>
    </ClInclude>
    <ClInclude Include="event_manager.h">
      <Filter>Header Files</Filter>
    </ClInclude>
    <ClInclude Include="event.h">
      <Filter>Header Files</Filter>
    </ClInclude>
    <ClInclude Include="game_state.h">
      <Filter>Header Files\references</Filter>
    </ClInclude>
    <ClInclude Include="splash.h">
      <Filter>Header Files\states</Filter>
    </ClInclude>
    <ClInclude Include="main_menu.h">
      <Filter>Header Files\states</Filter>
    </ClInclude>
    <ClInclude Include="button.h">
      <Filter>Header Files</Filter>
    </ClInclude>
    <ClInclude Include="playing.h">
      <Filter>Header Files\states</Filter>
    </ClInclude>
  </ItemGroup>
  <ItemGroup>
    <ClCompile Include="stdafx.cpp">
      <Filter>Source Files</Filter>
    </ClCompile>
    <ClCompile Include="game.cpp">
      <Filter>Source Files</Filter>
    </ClCompile>
    <ClCompile Include="character_tile.cpp">
      <Filter>Source Files</Filter>
    </ClCompile>
    <ClCompile Include="main.cpp">
      <Filter>Source Files</Filter>
    </ClCompile>
    <ClCompile Include="machine.cpp">
      <Filter>Source Files</Filter>
    </ClCompile>
    <ClCompile Include="gameasset_manager.cpp">
      <Filter>Source Files\assets</Filter>
    </ClCompile>
    <ClCompile Include="tools_images.cpp">
      <Filter>Source Files\tools</Filter>
    </ClCompile>
    <ClCompile Include="save_writing.cpp">
      <Filter>Source Files\states</Filter>
    </ClCompile>
    <ClCompile Include="event_manager.cpp">
      <Filter>Source Files</Filter>
    </ClCompile>
    <ClCompile Include="splash.cpp">
      <Filter>Source Files\states</Filter>
    </ClCompile>
    <ClCompile Include="main_menu.cpp">
      <Filter>Source Files\states</Filter>
    </ClCompile>
    <ClCompile Include="button.cpp">
      <Filter>Source Files</Filter>
    </ClCompile>
    <ClCompile Include="playing.cpp">
      <Filter>Source Files\states</Filter>
    </ClCompile>
  </ItemGroup>
</Project>